
Microsoft Visual Studio Solution File, Format Version 12.00
# Visual Studio Version 17
VisualStudioVersion = 17.7.34202.233
MinimumVisualStudioVersion = 10.0.40219.1
Project("{FAE04EC0-301F-11D3-BF4B-00C04F79EFBC}") = "Mde.ClassGroupsOrganizer.UWP", "Mde.ClassGroupsOrganizer\Mde.ClassGroupsOrganizer.UWP\Mde.ClassGroupsOrganizer.UWP.csproj", "{CDA1D83C-0E15-4118-8254-CD48F16C89F7}"
EndProject
Project("{FAE04EC0-301F-11D3-BF4B-00C04F79EFBC}") = "Mde.ClassGroupsOrganizer.Android", "Mde.ClassGroupsOrganizer\Mde.ClassGroupsOrganizer.Android\Mde.ClassGroupsOrganizer.Android.csproj", "{457AEFE5-6452-4236-A43A-E3E16FBE5624}"
EndProject
Project("{FAE04EC0-301F-11D3-BF4B-00C04F79EFBC}") = "Mde.ClassGroupsOrganizer.iOS", "Mde.ClassGroupsOrganizer\Mde.ClassGroupsOrganizer.iOS\Mde.ClassGroupsOrganizer.iOS.csproj", "{C24ECB3E-500C-4CF8-8861-034CD7863C8E}"
EndProject
Project("{FAE04EC0-301F-11D3-BF4B-00C04F79EFBC}") = "Mde.ClassGroupsOrganizer", "Mde.ClassGroupsOrganizer\Mde.ClassGroupsOrganizer\Mde.ClassGroupsOrganizer.csproj", "{118E72BC-6EB1-4EC3-9306-649E1C4C311A}"
EndProject
Global
	GlobalSection(SolutionConfigurationPlatforms) = preSolution
		Debug|Any CPU = Debug|Any CPU
		Debug|ARM = Debug|ARM
		Debug|iPhone = Debug|iPhone
		Debug|iPhoneSimulator = Debug|iPhoneSimulator
		Debug|x64 = Debug|x64
		Debug|x86 = Debug|x86
		Release|Any CPU = Release|Any CPU
		Release|ARM = Release|ARM
		Release|iPhone = Release|iPhone
		Release|iPhoneSimulator = Release|iPhoneSimulator
		Release|x64 = Release|x64
		Release|x86 = Release|x86
	EndGlobalSection
	GlobalSection(ProjectConfigurationPlatforms) = postSolution
		{CDA1D83C-0E15-4118-8254-CD48F16C89F7}.Debug|Any CPU.ActiveCfg = Debug|x64
		{CDA1D83C-0E15-4118-8254-CD48F16C89F7}.Debug|Any CPU.Build.0 = Debug|x64
		{CDA1D83C-0E15-4118-8254-CD48F16C89F7}.Debug|Any CPU.Deploy.0 = Debug|x64
		{CDA1D83C-0E15-4118-8254-CD48F16C89F7}.Debug|ARM.ActiveCfg = Debug|ARM
		{CDA1D83C-0E15-4118-8254-CD48F16C89F7}.Debug|ARM.Build.0 = Debug|ARM
		{CDA1D83C-0E15-4118-8254-CD48F16C89F7}.Debug|ARM.Deploy.0 = Debug|ARM
		{CDA1D83C-0E15-4118-8254-CD48F16C89F7}.Debug|iPhone.ActiveCfg = Debug|x64
		{CDA1D83C-0E15-4118-8254-CD48F16C89F7}.Debug|iPhone.Build.0 = Debug|x64
		{CDA1D83C-0E15-4118-8254-CD48F16C89F7}.Debug|iPhone.Deploy.0 = Debug|x64
		{CDA1D83C-0E15-4118-8254-CD48F16C89F7}.Debug|iPhoneSimulator.ActiveCfg = Debug|x64
		{CDA1D83C-0E15-4118-8254-CD48F16C89F7}.Debug|iPhoneSimulator.Build.0 = Debug|x64
		{CDA1D83C-0E15-4118-8254-CD48F16C89F7}.Debug|iPhoneSimulator.Deploy.0 = Debug|x64
		{CDA1D83C-0E15-4118-8254-CD48F16C89F7}.Debug|x64.ActiveCfg = Debug|x64
		{CDA1D83C-0E15-4118-8254-CD48F16C89F7}.Debug|x64.Build.0 = Debug|x64
		{CDA1D83C-0E15-4118-8254-CD48F16C89F7}.Debug|x64.Deploy.0 = Debug|x64
		{CDA1D83C-0E15-4118-8254-CD48F16C89F7}.Debug|x86.ActiveCfg = Debug|x86
		{CDA1D83C-0E15-4118-8254-CD48F16C89F7}.Debug|x86.Build.0 = Debug|x86
		{CDA1D83C-0E15-4118-8254-CD48F16C89F7}.Debug|x86.Deploy.0 = Debug|x86
		{CDA1D83C-0E15-4118-8254-CD48F16C89F7}.Release|Any CPU.ActiveCfg = Release|x64
		{CDA1D83C-0E15-4118-8254-CD48F16C89F7}.Release|Any CPU.Build.0 = Release|x64
		{CDA1D83C-0E15-4118-8254-CD48F16C89F7}.Release|Any CPU.Deploy.0 = Release|x64
		{CDA1D83C-0E15-4118-8254-CD48F16C89F7}.Release|ARM.ActiveCfg = Release|ARM
		{CDA1D83C-0E15-4118-8254-CD48F16C89F7}.Release|ARM.Build.0 = Release|ARM
		{CDA1D83C-0E15-4118-8254-CD48F16C89F7}.Release|ARM.Deploy.0 = Release|ARM
		{CDA1D83C-0E15-4118-8254-CD48F16C89F7}.Release|iPhone.ActiveCfg = Release|x64
		{CDA1D83C-0E15-4118-8254-CD48F16C89F7}.Release|iPhone.Build.0 = Release|x64
		{CDA1D83C-0E15-4118-8254-CD48F16C89F7}.Release|iPhone.Deploy.0 = Release|x64
		{CDA1D83C-0E15-4118-8254-CD48F16C89F7}.Release|iPhoneSimulator.ActiveCfg = Release|x64
		{CDA1D83C-0E15-4118-8254-CD48F16C89F7}.Release|iPhoneSimulator.Build.0 = Release|x64
		{CDA1D83C-0E15-4118-8254-CD48F16C89F7}.Release|iPhoneSimulator.Deploy.0 = Release|x64
		{CDA1D83C-0E15-4118-8254-CD48F16C89F7}.Release|x64.ActiveCfg = Release|x64
		{CDA1D83C-0E15-4118-8254-CD48F16C89F7}.Release|x64.Build.0 = Release|x64
		{CDA1D83C-0E15-4118-8254-CD48F16C89F7}.Release|x64.Deploy.0 = Release|x64
		{CDA1D83C-0E15-4118-8254-CD48F16C89F7}.Release|x86.ActiveCfg = Release|x86
		{CDA1D83C-0E15-4118-8254-CD48F16C89F7}.Release|x86.Build.0 = Release|x86
		{CDA1D83C-0E15-4118-8254-CD48F16C89F7}.Release|x86.Deploy.0 = Release|x86
		{457AEFE5-6452-4236-A43A-E3E16FBE5624}.Debug|Any CPU.ActiveCfg = Debug|Any CPU
		{457AEFE5-6452-4236-A43A-E3E16FBE5624}.Debug|Any CPU.Build.0 = Debug|Any CPU
		{457AEFE5-6452-4236-A43A-E3E16FBE5624}.Debug|Any CPU.Deploy.0 = Debug|Any CPU
		{457AEFE5-6452-4236-A43A-E3E16FBE5624}.Debug|ARM.ActiveCfg = Debug|Any CPU
		{457AEFE5-6452-4236-A43A-E3E16FBE5624}.Debug|ARM.Build.0 = Debug|Any CPU
		{457AEFE5-6452-4236-A43A-E3E16FBE5624}.Debug|ARM.Deploy.0 = Debug|Any CPU
		{457AEFE5-6452-4236-A43A-E3E16FBE5624}.Debug|iPhone.ActiveCfg = Debug|Any CPU
		{457AEFE5-6452-4236-A43A-E3E16FBE5624}.Debug|iPhone.Build.0 = Debug|Any CPU
		{457AEFE5-6452-4236-A43A-E3E16FBE5624}.Debug|iPhone.Deploy.0 = Debug|Any CPU
		{457AEFE5-6452-4236-A43A-E3E16FBE5624}.Debug|iPhoneSimulator.ActiveCfg = Debug|Any CPU
		{457AEFE5-6452-4236-A43A-E3E16FBE5624}.Debug|iPhoneSimulator.Build.0 = Debug|Any CPU
		{457AEFE5-6452-4236-A43A-E3E16FBE5624}.Debug|iPhoneSimulator.Deploy.0 = Debug|Any CPU
		{457AEFE5-6452-4236-A43A-E3E16FBE5624}.Debug|x64.ActiveCfg = Debug|Any CPU
		{457AEFE5-6452-4236-A43A-E3E16FBE5624}.Debug|x64.Build.0 = Debug|Any CPU
		{457AEFE5-6452-4236-A43A-E3E16FBE5624}.Debug|x64.Deploy.0 = Debug|Any CPU
		{457AEFE5-6452-4236-A43A-E3E16FBE5624}.Debug|x86.ActiveCfg = Debug|Any CPU
		{457AEFE5-6452-4236-A43A-E3E16FBE5624}.Debug|x86.Build.0 = Debug|Any CPU
		{457AEFE5-6452-4236-A43A-E3E16FBE5624}.Debug|x86.Deploy.0 = Debug|Any CPU
		{457AEFE5-6452-4236-A43A-E3E16FBE5624}.Release|Any CPU.ActiveCfg = Release|Any CPU
		{457AEFE5-6452-4236-A43A-E3E16FBE5624}.Release|Any CPU.Build.0 = Release|Any CPU
		{457AEFE5-6452-4236-A43A-E3E16FBE5624}.Release|Any CPU.Deploy.0 = Release|Any CPU
		{457AEFE5-6452-4236-A43A-E3E16FBE5624}.Release|ARM.ActiveCfg = Release|Any CPU
		{457AEFE5-6452-4236-A43A-E3E16FBE5624}.Release|ARM.Build.0 = Release|Any CPU
		{457AEFE5-6452-4236-A43A-E3E16FBE5624}.Release|ARM.Deploy.0 = Release|Any CPU
		{457AEFE5-6452-4236-A43A-E3E16FBE5624}.Release|iPhone.ActiveCfg = Release|Any CPU
		{457AEFE5-6452-4236-A43A-E3E16FBE5624}.Release|iPhone.Build.0 = Release|Any CPU
		{457AEFE5-6452-4236-A43A-E3E16FBE5624}.Release|iPhone.Deploy.0 = Release|Any CPU
		{457AEFE5-6452-4236-A43A-E3E16FBE5624}.Release|iPhoneSimulator.ActiveCfg = Release|Any CPU
		{457AEFE5-6452-4236-A43A-E3E16FBE5624}.Release|iPhoneSimulator.Build.0 = Release|Any CPU
		{457AEFE5-6452-4236-A43A-E3E16FBE5624}.Release|iPhoneSimulator.Deploy.0 = Release|Any CPU
		{457AEFE5-6452-4236-A43A-E3E16FBE5624}.Release|x64.ActiveCfg = Release|Any CPU
		{457AEFE5-6452-4236-A43A-E3E16FBE5624}.Release|x64.Build.0 = Release|Any CPU
		{457AEFE5-6452-4236-A43A-E3E16FBE5624}.Release|x64.Deploy.0 = Release|Any CPU
		{457AEFE5-6452-4236-A43A-E3E16FBE5624}.Release|x86.ActiveCfg = Release|Any CPU
		{457AEFE5-6452-4236-A43A-E3E16FBE5624}.Release|x86.Build.0 = Release|Any CPU
		{457AEFE5-6452-4236-A43A-E3E16FBE5624}.Release|x86.Deploy.0 = Release|Any CPU
		{C24ECB3E-500C-4CF8-8861-034CD7863C8E}.Debug|Any CPU.ActiveCfg = Debug|iPhoneSimulator
		{C24ECB3E-500C-4CF8-8861-034CD7863C8E}.Debug|Any CPU.Build.0 = Debug|iPhoneSimulator
		{C24ECB3E-500C-4CF8-8861-034CD7863C8E}.Debug|Any CPU.Deploy.0 = Debug|iPhoneSimulator
		{C24ECB3E-500C-4CF8-8861-034CD7863C8E}.Debug|ARM.ActiveCfg = Debug|iPhoneSimulator
		{C24ECB3E-500C-4CF8-8861-034CD7863C8E}.Debug|ARM.Build.0 = Debug|iPhoneSimulator
		{C24ECB3E-500C-4CF8-8861-034CD7863C8E}.Debug|ARM.Deploy.0 = Debug|iPhoneSimulator
		{C24ECB3E-500C-4CF8-8861-034CD7863C8E}.Debug|iPhone.ActiveCfg = Debug|iPhone
		{C24ECB3E-500C-4CF8-8861-034CD7863C8E}.Debug|iPhone.Build.0 = Debug|iPhone
		{C24ECB3E-500C-4CF8-8861-034CD7863C8E}.Debug|iPhone.Deploy.0 = Debug|iPhone
		{C24ECB3E-500C-4CF8-8861-034CD7863C8E}.Debug|iPhoneSimulator.ActiveCfg = Debug|iPhoneSimulator
		{C24ECB3E-500C-4CF8-8861-034CD7863C8E}.Debug|iPhoneSimulator.Build.0 = Debug|iPhoneSimulator
		{C24ECB3E-500C-4CF8-8861-034CD7863C8E}.Debug|iPhoneSimulator.Deploy.0 = Debug|iPhoneSimulator
		{C24ECB3E-500C-4CF8-8861-034CD7863C8E}.Debug|x64.ActiveCfg = Debug|iPhone
		{C24ECB3E-500C-4CF8-8861-034CD7863C8E}.Debug|x64.Build.0 = Debug|iPhone
		{C24ECB3E-500C-4CF8-8861-034CD7863C8E}.Debug|x64.Deploy.0 = Debug|iPhone
		{C24ECB3E-500C-4CF8-8861-034CD7863C8E}.Debug|x86.ActiveCfg = Debug|iPhoneSimulator
		{C24ECB3E-500C-4CF8-8861-034CD7863C8E}.Debug|x86.Build.0 = Debug|iPhoneSimulator
		{C24ECB3E-500C-4CF8-8861-034CD7863C8E}.Debug|x86.Deploy.0 = Debug|iPhoneSimulator
		{C24ECB3E-500C-4CF8-8861-034CD7863C8E}.Release|Any CPU.ActiveCfg = Release|iPhoneSimulator
		{C24ECB3E-500C-4CF8-8861-034CD7863C8E}.Release|Any CPU.Build.0 = Release|iPhoneSimulator
		{C24ECB3E-500C-4CF8-8861-034CD7863C8E}.Release|Any CPU.Deploy.0 = Release|iPhoneSimulator
		{C24ECB3E-500C-4CF8-8861-034CD7863C8E}.Release|ARM.ActiveCfg = Release|iPhoneSimulator
		{C24ECB3E-500C-4CF8-8861-034CD7863C8E}.Release|ARM.Build.0 = Release|iPhoneSimulator
		{C24ECB3E-500C-4CF8-8861-034CD7863C8E}.Release|ARM.Deploy.0 = Release|iPhoneSimulator
		{C24ECB3E-500C-4CF8-8861-034CD7863C8E}.Release|iPhone.ActiveCfg = Release|iPhone
		{C24ECB3E-500C-4CF8-8861-034CD7863C8E}.Release|iPhone.Build.0 = Release|iPhone
		{C24ECB3E-500C-4CF8-8861-034CD7863C8E}.Release|iPhone.Deploy.0 = Release|iPhone
		{C24ECB3E-500C-4CF8-8861-034CD7863C8E}.Release|iPhoneSimulator.ActiveCfg = Release|iPhoneSimulator
		{C24ECB3E-500C-4CF8-8861-034CD7863C8E}.Release|iPhoneSimulator.Build.0 = Release|iPhoneSimulator
		{C24ECB3E-500C-4CF8-8861-034CD7863C8E}.Release|iPhoneSimulator.Deploy.0 = Release|iPhoneSimulator
		{C24ECB3E-500C-4CF8-8861-034CD7863C8E}.Release|x64.ActiveCfg = Release|iPhoneSimulator
		{C24ECB3E-500C-4CF8-8861-034CD7863C8E}.Release|x64.Build.0 = Release|iPhoneSimulator
		{C24ECB3E-500C-4CF8-8861-034CD7863C8E}.Release|x64.Deploy.0 = Release|iPhoneSimulator
		{C24ECB3E-500C-4CF8-8861-034CD7863C8E}.Release|x86.ActiveCfg = Release|iPhoneSimulator
		{C24ECB3E-500C-4CF8-8861-034CD7863C8E}.Release|x86.Build.0 = Release|iPhoneSimulator
		{C24ECB3E-500C-4CF8-8861-034CD7863C8E}.Release|x86.Deploy.0 = Release|iPhoneSimulator
		{118E72BC-6EB1-4EC3-9306-649E1C4C311A}.Debug|Any CPU.ActiveCfg = Debug|Any CPU
		{118E72BC-6EB1-4EC3-9306-649E1C4C311A}.Debug|Any CPU.Build.0 = Debug|Any CPU
		{118E72BC-6EB1-4EC3-9306-649E1C4C311A}.Debug|Any CPU.Deploy.0 = Debug|Any CPU
		{118E72BC-6EB1-4EC3-9306-649E1C4C311A}.Debug|ARM.ActiveCfg = Debug|Any CPU
		{118E72BC-6EB1-4EC3-9306-649E1C4C311A}.Debug|ARM.Build.0 = Debug|Any CPU
		{118E72BC-6EB1-4EC3-9306-649E1C4C311A}.Debug|ARM.Deploy.0 = Debug|Any CPU
		{118E72BC-6EB1-4EC3-9306-649E1C4C311A}.Debug|iPhone.ActiveCfg = Debug|Any CPU
		{118E72BC-6EB1-4EC3-9306-649E1C4C311A}.Debug|iPhone.Build.0 = Debug|Any CPU
		{118E72BC-6EB1-4EC3-9306-649E1C4C311A}.Debug|iPhone.Deploy.0 = Debug|Any CPU
		{118E72BC-6EB1-4EC3-9306-649E1C4C311A}.Debug|iPhoneSimulator.ActiveCfg = Debug|Any CPU
		{118E72BC-6EB1-4EC3-9306-649E1C4C311A}.Debug|iPhoneSimulator.Build.0 = Debug|Any CPU
		{118E72BC-6EB1-4EC3-9306-649E1C4C311A}.Debug|iPhoneSimulator.Deploy.0 = Debug|Any CPU
		{118E72BC-6EB1-4EC3-9306-649E1C4C311A}.Debug|x64.ActiveCfg = Debug|Any CPU
		{118E72BC-6EB1-4EC3-9306-649E1C4C311A}.Debug|x64.Build.0 = Debug|Any CPU
		{118E72BC-6EB1-4EC3-9306-649E1C4C311A}.Debug|x64.Deploy.0 = Debug|Any CPU
		{118E72BC-6EB1-4EC3-9306-649E1C4C311A}.Debug|x86.ActiveCfg = Debug|Any CPU
		{118E72BC-6EB1-4EC3-9306-649E1C4C311A}.Debug|x86.Build.0 = Debug|Any CPU
		{118E72BC-6EB1-4EC3-9306-649E1C4C311A}.Debug|x86.Deploy.0 = Debug|Any CPU
		{118E72BC-6EB1-4EC3-9306-649E1C4C311A}.Release|Any CPU.ActiveCfg = Release|Any CPU
		{118E72BC-6EB1-4EC3-9306-649E1C4C311A}.Release|Any CPU.Build.0 = Release|Any CPU
		{118E72BC-6EB1-4EC3-9306-649E1C4C311A}.Release|Any CPU.Deploy.0 = Release|Any CPU
		{118E72BC-6EB1-4EC3-9306-649E1C4C311A}.Release|ARM.ActiveCfg = Release|Any CPU
		{118E72BC-6EB1-4EC3-9306-649E1C4C311A}.Release|ARM.Build.0 = Release|Any CPU
		{118E72BC-6EB1-4EC3-9306-649E1C4C311A}.Release|ARM.Deploy.0 = Release|Any CPU
		{118E72BC-6EB1-4EC3-9306-649E1C4C311A}.Release|iPhone.ActiveCfg = Release|Any CPU
		{118E72BC-6EB1-4EC3-9306-649E1C4C311A}.Release|iPhone.Build.0 = Release|Any CPU
		{118E72BC-6EB1-4EC3-9306-649E1C4C311A}.Release|iPhone.Deploy.0 = Release|Any CPU
		{118E72BC-6EB1-4EC3-9306-649E1C4C311A}.Release|iPhoneSimulator.ActiveCfg = Release|Any CPU
		{118E72BC-6EB1-4EC3-9306-649E1C4C311A}.Release|iPhoneSimulator.Build.0 = Release|Any CPU
		{118E72BC-6EB1-4EC3-9306-649E1C4C311A}.Release|iPhoneSimulator.Deploy.0 = Release|Any CPU
		{118E72BC-6EB1-4EC3-9306-649E1C4C311A}.Release|x64.ActiveCfg = Release|Any CPU
		{118E72BC-6EB1-4EC3-9306-649E1C4C311A}.Release|x64.Build.0 = Release|Any CPU
		{118E72BC-6EB1-4EC3-9306-649E1C4C311A}.Release|x64.Deploy.0 = Release|Any CPU
		{118E72BC-6EB1-4EC3-9306-649E1C4C311A}.Release|x86.ActiveCfg = Release|Any CPU
		{118E72BC-6EB1-4EC3-9306-649E1C4C311A}.Release|x86.Build.0 = Release|Any CPU
		{118E72BC-6EB1-4EC3-9306-649E1C4C311A}.Release|x86.Deploy.0 = Release|Any CPU
	EndGlobalSection
	GlobalSection(SolutionProperties) = preSolution
		HideSolutionNode = FALSE
	EndGlobalSection
	GlobalSection(ExtensibilityGlobals) = postSolution
		SolutionGuid = {449A03F4-A80A-4A6E-BFE7-93A1B52B41D1}
	EndGlobalSection
EndGlobal
